<Solution>
  <Project Path="../tests/FlashSale.OrderService.Tests/FlashSale.OrderService.Tests.csproj" />
  <Project Path="FlashSale.EventContracts/FlashSale.EventContracts.csproj" />
  <Project Path="FlashSale.InventoryService/FlashSale.InventoryService.csproj" />
  <Project Path="FlashSale.OrderService/FlashSale.OrderService.csproj" />
</Solution>